
Microsoft Visual Studio Solution File, Format Version 12.00
# Visual Studio Version 17
VisualStudioVersion = 17.0.32014.148
MinimumVisualStudioVersion = 10.0.40219.1
Project("{FAE04EC0-301F-11D3-BF4B-00C04F79EFBC}") = "RegistrationAPI", "RegistrationAPI\RegistrationAPI.csproj", "{DDF138F5-E9FD-40A4-949E-655B815E8FE6}"
EndProject
Global
	GlobalSection(SolutionConfigurationPlatforms) = preSolution
		Debug|Any CPU = Debug|Any CPU
		Release|Any CPU = Release|Any CPU
	EndGlobalSection
	GlobalSection(ProjectConfigurationPlatforms) = postSolution
		{DDF138F5-E9FD-40A4-949E-655B815E8FE6}.Debug|Any CPU.ActiveCfg = Debug|Any CPU
		{DDF138F5-E9FD-40A4-949E-655B815E8FE6}.Debug|Any CPU.Build.0 = Debug|Any CPU
		{DDF138F5-E9FD-40A4-949E-655B815E8FE6}.Release|Any CPU.ActiveCfg = Release|Any CPU
		{DDF138F5-E9FD-40A4-949E-655B815E8FE6}.Release|Any CPU.Build.0 = Release|Any CPU
	EndGlobalSection
	GlobalSection(SolutionProperties) = preSolution
		HideSolutionNode = FALSE
	EndGlobalSection
	GlobalSection(ExtensibilityGlobals) = postSolution
		SolutionGuid = {430AE9C4-C8D8-43DB-BEDD-7C7B3A8C8EDA}
	EndGlobalSection
EndGlobal
